
Microsoft Visual Studio Solution File, Format Version 12.00
# Visual Studio 15
VisualStudioVersion = 15.0.28307.106
MinimumVisualStudioVersion = 10.0.40219.1
Project("{9A19103F-16F7-4668-BE54-9A1E7A4F7556}") = "bookclub", "WebApplication20\bookclub.csproj", "{714D127E-0741-4C6B-8E05-828AA1BB34D8}"
EndProject
Global
	GlobalSection(SolutionConfigurationPlatforms) = preSolution
		Debug|Any CPU = Debug|Any CPU
		Release|Any CPU = Release|Any CPU
	EndGlobalSection
	GlobalSection(ProjectConfigurationPlatforms) = postSolution
		{714D127E-0741-4C6B-8E05-828AA1BB34D8}.Debug|Any CPU.ActiveCfg = Debug|Any CPU
		{714D127E-0741-4C6B-8E05-828AA1BB34D8}.Debug|Any CPU.Build.0 = Debug|Any CPU
		{714D127E-0741-4C6B-8E05-828AA1BB34D8}.Release|Any CPU.ActiveCfg = Release|Any CPU
		{714D127E-0741-4C6B-8E05-828AA1BB34D8}.Release|Any CPU.Build.0 = Release|Any CPU
	EndGlobalSection
	GlobalSection(SolutionProperties) = preSolution
		HideSolutionNode = FALSE
	EndGlobalSection
	GlobalSection(ExtensibilityGlobals) = postSolution
		SolutionGuid = {6DF24EF9-1C44-4C09-837B-65D72C916D43}
	EndGlobalSection
EndGlobal
